
Microsoft Visual Studio Solution File, Format Version 12.00
# Visual Studio Version 16
VisualStudioVersion = 16.0.30804.86
MinimumVisualStudioVersion = 10.0.40219.1
Project("{FAE04EC0-301F-11D3-BF4B-00C04F79EFBC}") = "ARprojekat2", "ARprojekat2\ARprojekat2.csproj", "{FBC797F8-BD70-4BBC-AB5C-2BD7CC4D372B}"
EndProject
Global
	GlobalSection(SolutionConfigurationPlatforms) = preSolution
		Debug|Any CPU = Debug|Any CPU
		Release|Any CPU = Release|Any CPU
	EndGlobalSection
	GlobalSection(ProjectConfigurationPlatforms) = postSolution
		{FBC797F8-BD70-4BBC-AB5C-2BD7CC4D372B}.Debug|Any CPU.ActiveCfg = Debug|Any CPU
		{FBC797F8-BD70-4BBC-AB5C-2BD7CC4D372B}.Debug|Any CPU.Build.0 = Debug|Any CPU
		{FBC797F8-BD70-4BBC-AB5C-2BD7CC4D372B}.Release|Any CPU.ActiveCfg = Release|Any CPU
		{FBC797F8-BD70-4BBC-AB5C-2BD7CC4D372B}.Release|Any CPU.Build.0 = Release|Any CPU
	EndGlobalSection
	GlobalSection(SolutionProperties) = preSolution
		HideSolutionNode = FALSE
	EndGlobalSection
	GlobalSection(ExtensibilityGlobals) = postSolution
		SolutionGuid = {7B4E0E00-928E-442C-A47F-3FECD2405484}
	EndGlobalSection
EndGlobal
